
Microsoft Visual Studio Solution File, Format Version 12.00
# Visual Studio Version 16
VisualStudioVersion = 16.0.30523.141
MinimumVisualStudioVersion = 10.0.40219.1
Project("{FAE04EC0-301F-11D3-BF4B-00C04F79EFBC}") = "HaatajaGrantAssignment02", "HaatajaGrantAssignment02.csproj", "{F2B3B4A6-4939-4AB6-B532-0B542C9C6FE4}"
EndProject
Global
	GlobalSection(SolutionConfigurationPlatforms) = preSolution
		Debug|Any CPU = Debug|Any CPU
		Release|Any CPU = Release|Any CPU
	EndGlobalSection
	GlobalSection(ProjectConfigurationPlatforms) = postSolution
		{F2B3B4A6-4939-4AB6-B532-0B542C9C6FE4}.Debug|Any CPU.ActiveCfg = Debug|Any CPU
		{F2B3B4A6-4939-4AB6-B532-0B542C9C6FE4}.Debug|Any CPU.Build.0 = Debug|Any CPU
		{F2B3B4A6-4939-4AB6-B532-0B542C9C6FE4}.Release|Any CPU.ActiveCfg = Release|Any CPU
		{F2B3B4A6-4939-4AB6-B532-0B542C9C6FE4}.Release|Any CPU.Build.0 = Release|Any CPU
	EndGlobalSection
	GlobalSection(SolutionProperties) = preSolution
		HideSolutionNode = FALSE
	EndGlobalSection
	GlobalSection(ExtensibilityGlobals) = postSolution
		SolutionGuid = {40B93D56-E6EE-4520-BA25-0DE2B2C2A4D0}
	EndGlobalSection
EndGlobal
